// !$*UTF8*$!
{
	archiveVersion = 1;
	classes = {
	};
	objectVersion = 51;
	objects = {

/* Begin PBXBuildFile section */
		CB3223EB26828CAD00394672 /* AppDelegate.swift in Sources */ = {isa = PBXBuildFile; fileRef = CB3223EA26828CAD00394672 /* AppDelegate.swift */; };
		CB3223ED26828CAD00394672 /* SceneDelegate.swift in Sources */ = {isa = PBXBuildFile; fileRef = CB3223EC26828CAD00394672 /* SceneDelegate.swift */; };
		CB3223EF26828CAD00394672 /* MainViewController.swift in Sources */ = {isa = PBXBuildFile; fileRef = CB3223EE26828CAD00394672 /* MainViewController.swift */; };
		CB3223F226828CAD00394672 /* Main.storyboard in Resources */ = {isa = PBXBuildFile; fileRef = CB3223F026828CAD00394672 /* Main.storyboard */; };
		CB3223F526828CAD00394672 /* AnimationGenerator.xcdatamodeld in Sources */ = {isa = PBXBuildFile; fileRef = CB3223F326828CAD00394672 /* AnimationGenerator.xcdatamodeld */; };
		CB3223F726828CAE00394672 /* Assets.xcassets in Resources */ = {isa = PBXBuildFile; fileRef = CB3223F626828CAE00394672 /* Assets.xcassets */; };
		CB3223FA26828CAE00394672 /* LaunchScreen.storyboard in Resources */ = {isa = PBXBuildFile; fileRef = CB3223F826828CAE00394672 /* LaunchScreen.storyboard */; };
		CB913CF626838B5C001A669E /* Animation.swift in Sources */ = {isa = PBXBuildFile; fileRef = CB913CF526838B5C001A669E /* Animation.swift */; };
		E103E9187C656F91AFFF6341 /* Pods_AnimationGenerator.framework in Frameworks */ = {isa = PBXBuildFile; fileRef = E3B76331D8C5D7389899F9F4 /* Pods_AnimationGenerator.framework */; };
/* End PBXBuildFile section */

/* Begin PBXFileReference section */
		5A455981020B46EE86372030 /* Pods-AnimationGenerator.release.xcconfig */ = {isa = PBXFileReference; includeInIndex = 1; lastKnownFileType = text.xcconfig; name = "Pods-AnimationGenerator.release.xcconfig"; path = "Target Support Files/Pods-AnimationGenerator/Pods-AnimationGenerator.release.xcconfig"; sourceTree = "<group>"; };
		B91DDF44A35BC98D3D5CA3ED /* Pods-AnimationGenerator.debug.xcconfig */ = {isa = PBXFileReference; includeInIndex = 1; lastKnownFileType = text.xcconfig; name = "Pods-AnimationGenerator.debug.xcconfig"; path = "Target Support Files/Pods-AnimationGenerator/Pods-AnimationGenerator.debug.xcconfig"; sourceTree = "<group>"; };
		CB3223E726828CAD00394672 /* AnimationGenerator.app */ = {isa = PBXFileReference; explicitFileType = wrapper.application; includeInIndex = 0; path = AnimationGenerator.app; sourceTree = BUILT_PRODUCTS_DIR; };
		CB3223EA26828CAD00394672 /* AppDelegate.swift */ = {isa = PBXFileReference; lastKnownFileType = sourcecode.swift; path = AppDelegate.swift; sourceTree = "<group>"; };
		CB3223EC26828CAD00394672 /* SceneDelegate.swift */ = {isa = PBXFileReference; lastKnownFileType = sourcecode.swift; path = SceneDelegate.swift; sourceTree = "<group>"; };
		CB3223EE26828CAD00394672 /* MainViewController.swift */ = {isa = PBXFileReference; lastKnownFileType = sourcecode.swift; path = MainViewController.swift; sourceTree = "<group>"; };
		CB3223F126828CAD00394672 /* Base */ = {isa = PBXFileReference; lastKnownFileType = file.storyboard; name = Base; path = Base.lproj/Main.storyboard; sourceTree = "<group>"; };
		CB3223F426828CAD00394672 /* AnimationGenerator.xcdatamodel */ = {isa = PBXFileReference; lastKnownFileType = wrapper.xcdatamodel; path = AnimationGenerator.xcdatamodel; sourceTree = "<group>"; };
		CB3223F626828CAE00394672 /* Assets.xcassets */ = {isa = PBXFileReference; lastKnownFileType = folder.assetcatalog; path = Assets.xcassets; sourceTree = "<group>"; };
		CB3223F926828CAE00394672 /* Base */ = {isa = PBXFileReference; lastKnownFileType = file.storyboard; name = Base; path = Base.lproj/LaunchScreen.storyboard; sourceTree = "<group>"; };
		CB3223FB26828CAE00394672 /* Info.plist */ = {isa = PBXFileReference; lastKnownFileType = text.plist.xml; path = Info.plist; sourceTree = "<group>"; };
		CB913CF526838B5C001A669E /* Animation.swift */ = {isa = PBXFileReference; lastKnownFileType = sourcecode.swift; path = Animation.swift; sourceTree = "<group>"; };
		E3B76331D8C5D7389899F9F4 /* Pods_AnimationGenerator.framework */ = {isa = PBXFileReference; explicitFileType = wrapper.framework; includeInIndex = 0; path = Pods_AnimationGenerator.framework; sourceTree = BUILT_PRODUCTS_DIR; };
/* End PBXFileReference section */

/* Begin PBXFrameworksBuildPhase section */
		CB3223E426828CAC00394672 /* Frameworks */ = {
			isa = PBXFrameworksBuildPhase;
			buildActionMask = 2147483647;
			files = (
				E103E9187C656F91AFFF6341 /* Pods_AnimationGenerator.framework in Frameworks */,
			);
			runOnlyForDeploymentPostprocessing = 0;
		};
/* End PBXFrameworksBuildPhase section */

/* Begin PBXGroup section */
		6FEBE1C55012F4DF2F30C969 /* Frameworks */ = {
			isa = PBXGroup;
			children = (
				E3B76331D8C5D7389899F9F4 /* Pods_AnimationGenerator.framework */,
			);
			name = Frameworks;
			sourceTree = "<group>";
		};
		8DF0A8E9F5FDB6C3454C0991 /* Pods */ = {
			isa = PBXGroup;
			children = (
				B91DDF44A35BC98D3D5CA3ED /* Pods-AnimationGenerator.debug.xcconfig */,
				5A455981020B46EE86372030 /* Pods-AnimationGenerator.release.xcconfig */,
			);
			path = Pods;
			sourceTree = "<group>";
		};
		CB3223DE26828CAC00394672 = {
			isa = PBXGroup;
			children = (
				CB3223E926828CAD00394672 /* AnimationGenerator */,
				CB3223E826828CAD00394672 /* Products */,
				8DF0A8E9F5FDB6C3454C0991 /* Pods */,
				6FEBE1C55012F4DF2F30C969 /* Frameworks */,
			);
			sourceTree = "<group>";
		};
		CB3223E826828CAD00394672 /* Products */ = {
			isa = PBXGroup;
			children = (
				CB3223E726828CAD00394672 /* AnimationGenerator.app */,
			);
			name = Products;
			sourceTree = "<group>";
		};
		CB3223E926828CAD00394672 /* AnimationGenerator */ = {
			isa = PBXGroup;
			children = (
				CB652F552683B3AC0098F1A8 /* Storyboards */,
				CB652F542683B39B0098F1A8 /* Resources */,
				CB652F532683B38D0098F1A8 /* Models */,
				CB652F522683B37C0098F1A8 /* Controllers */,
				CB3223EA26828CAD00394672 /* AppDelegate.swift */,
				CB3223EC26828CAD00394672 /* SceneDelegate.swift */,
				CB3223FB26828CAE00394672 /* Info.plist */,
				CB3223F326828CAD00394672 /* AnimationGenerator.xcdatamodeld */,
			);
			path = AnimationGenerator;
			sourceTree = "<group>";
		};
		CB652F522683B37C0098F1A8 /* Controllers */ = {
			isa = PBXGroup;
			children = (
				CB3223EE26828CAD00394672 /* MainViewController.swift */,
			);
			path = Controllers;
			sourceTree = "<group>";
		};
		CB652F532683B38D0098F1A8 /* Models */ = {
			isa = PBXGroup;
			children = (
				CB913CF526838B5C001A669E /* Animation.swift */,
			);
			path = Models;
			sourceTree = "<group>";
		};
		CB652F542683B39B0098F1A8 /* Resources */ = {
			isa = PBXGroup;
			children = (
				CB3223F626828CAE00394672 /* Assets.xcassets */,
			);
			path = Resources;
			sourceTree = "<group>";
		};
		CB652F552683B3AC0098F1A8 /* Storyboards */ = {
			isa = PBXGroup;
			children = (
				CB3223F026828CAD00394672 /* Main.storyboard */,
				CB3223F826828CAE00394672 /* LaunchScreen.storyboard */,
			);
			path = Storyboards;
			sourceTree = "<group>";
		};
/* End PBXGroup section */

/* Begin PBXNativeTarget section */
		CB3223E626828CAC00394672 /* AnimationGenerator */ = {
			isa = PBXNativeTarget;
			buildConfigurationList = CB3223FE26828CAE00394672 /* Build configuration list for PBXNativeTarget "AnimationGenerator" */;
			buildPhases = (
				8DCF329BD6F4E608A538E9A8 /* [CP] Check Pods Manifest.lock */,
				CB3223E326828CAC00394672 /* Sources */,
				CB3223E426828CAC00394672 /* Frameworks */,
				CB3223E526828CAC00394672 /* Resources */,
				6B8A5B33180B258A5C840BA5 /* [CP] Embed Pods Frameworks */,
			);
			buildRules = (
			);
			dependencies = (
			);
			name = AnimationGenerator;
			productName = AnimationGenerator;
			productReference = CB3223E726828CAD00394672 /* AnimationGenerator.app */;
			productType = "com.apple.product-type.application";
		};
/* End PBXNativeTarget section */

/* Begin PBXProject section */
		CB3223DF26828CAC00394672 /* Project object */ = {
			isa = PBXProject;
			attributes = {
				LastSwiftUpdateCheck = 1240;
				LastUpgradeCheck = 1240;
				TargetAttributes = {
					CB3223E626828CAC00394672 = {
						CreatedOnToolsVersion = 12.4;
					};
				};
			};
			buildConfigurationList = CB3223E226828CAC00394672 /* Build configuration list for PBXProject "AnimationGenerator" */;
			compatibilityVersion = "Xcode 9.3";
			developmentRegion = en;
			hasScannedForEncodings = 0;
			knownRegions = (
				en,
				Base,
			);
			mainGroup = CB3223DE26828CAC00394672;
			productRefGroup = CB3223E826828CAD00394672 /* Products */;
			projectDirPath = "";
			projectRoot = "";
			targets = (
				CB3223E626828CAC00394672 /* AnimationGenerator */,
			);
		};
/* End PBXProject section */

/* Begin PBXResourcesBuildPhase section */
		CB3223E526828CAC00394672 /* Resources */ = {
			isa = PBXResourcesBuildPhase;
			buildActionMask = 2147483647;
			files = (
				CB3223FA26828CAE00394672 /* LaunchScreen.storyboard in Resources */,
				CB3223F726828CAE00394672 /* Assets.xcassets in Resources */,
				CB3223F226828CAD00394672 /* Main.storyboard in Resources */,
			);
			runOnlyForDeploymentPostprocessing = 0;
		};
/* End PBXResourcesBuildPhase section */

/* Begin PBXShellScriptBuildPhase section */
		6B8A5B33180B258A5C840BA5 /* [CP] Embed Pods Frameworks */ = {
			isa = PBXShellScriptBuildPhase;
			buildActionMask = 2147483647;
			files = (
			);
			inputFileListPaths = (
				"${PODS_ROOT}/Target Support Files/Pods-AnimationGenerator/Pods-AnimationGenerator-frameworks-${CONFIGURATION}-input-files.xcfilelist",
			);
			name = "[CP] Embed Pods Frameworks";
			outputFileListPaths = (
				"${PODS_ROOT}/Target Support Files/Pods-AnimationGenerator/Pods-AnimationGenerator-frameworks-${CONFIGURATION}-output-files.xcfilelist",
			);
			runOnlyForDeploymentPostprocessing = 0;
			shellPath = /bin/sh;
			shellScript = "\"${PODS_ROOT}/Target Support Files/Pods-AnimationGenerator/Pods-AnimationGenerator-frameworks.sh\"\n";
			showEnvVarsInLog = 0;
		};
		8DCF329BD6F4E608A538E9A8 /* [CP] Check Pods Manifest.lock */ = {
			isa = PBXShellScriptBuildPhase;
			buildActionMask = 2147483647;
			files = (
			);
			inputFileListPaths = (
			);
			inputPaths = (
				"${PODS_PODFILE_DIR_PATH}/Podfile.lock",
				"${PODS_ROOT}/Manifest.lock",
			);
			name = "[CP] Check Pods Manifest.lock";
			outputFileListPaths = (
			);
			outputPaths = (
				"$(DERIVED_FILE_DIR)/Pods-AnimationGenerator-checkManifestLockResult.txt",
			);
			runOnlyForDeploymentPostprocessing = 0;
			shellPath = /bin/sh;
			shellScript = "diff \"${PODS_PODFILE_DIR_PATH}/Podfile.lock\" \"${PODS_ROOT}/Manifest.lock\" > /dev/null\nif [ $? != 0 ] ; then\n    # print error to STDERR\n    echo \"error: The sandbox is not in sync with the Podfile.lock. Run 'pod install' or update your CocoaPods installation.\" >&2\n    exit 1\nfi\n# This output is used by Xcode 'outputs' to avoid re-running this script phase.\necho \"SUCCESS\" > \"${SCRIPT_OUTPUT_FILE_0}\"\n";
			showEnvVarsInLog = 0;
		};
/* End PBXShellScriptBuildPhase section */

/* Begin PBXSourcesBuildPhase section */
		CB3223E326828CAC00394672 /* Sources */ = {
			isa = PBXSourcesBuildPhase;
			buildActionMask = 2147483647;
			files = (
				CB3223EF26828CAD00394672 /* MainViewController.swift in Sources */,
				CB3223EB26828CAD00394672 /* AppDelegate.swift in Sources */,
				CB3223F526828CAD00394672 /* AnimationGenerator.xcdatamodeld in Sources */,
				CB913CF626838B5C001A669E /* Animation.swift in Sources */,
				CB3223ED26828CAD00394672 /* SceneDelegate.swift in Sources */,
			);
			runOnlyForDeploymentPostprocessing = 0;
		};
/* End PBXSourcesBuildPhase section */

/* Begin PBXVariantGroup section */
		CB3223F026828CAD00394672 /* Main.storyboard */ = {
			isa = PBXVariantGroup;
			children = (
				CB3223F126828CAD00394672 /* Base */,
			);
			name = Main.storyboard;
			sourceTree = "<group>";
		};
		CB3223F826828CAE00394672 /* LaunchScreen.storyboard */ = {
			isa = PBXVariantGroup;
			children = (
				CB3223F926828CAE00394672 /* Base */,
			);
			name = LaunchScreen.storyboard;
			sourceTree = "<group>";
		};
/* End PBXVariantGroup section */

/* Begin XCBuildConfiguration section */
		CB3223FC26828CAE00394672 /* Debug */ = {
			isa = XCBuildConfiguration;
			buildSettings = {
				ALWAYS_SEARCH_USER_PATHS = NO;
				CLANG_ANALYZER_NONNULL = YES;
				CLANG_ANALYZER_NUMBER_OBJECT_CONVERSION = YES_AGGRESSIVE;
				CLANG_CXX_LANGUAGE_STANDARD = "gnu++14";
				CLANG_CXX_LIBRARY = "libc++";
				CLANG_ENABLE_MODULES = YES;
				CLANG_ENABLE_OBJC_ARC = YES;
				CLANG_ENABLE_OBJC_WEAK = YES;
				CLANG_WARN_BLOCK_CAPTURE_AUTORELEASING = YES;
				CLANG_WARN_BOOL_CONVERSION = YES;
				CLANG_WARN_COMMA = YES;
				CLANG_WARN_CONSTANT_CONVERSION = YES;
				CLANG_WARN_DEPRECATED_OBJC_IMPLEMENTATIONS = YES;
				CLANG_WARN_DIRECT_OBJC_ISA_USAGE = YES_ERROR;
				CLANG_WARN_DOCUMENTATION_COMMENTS = YES;
				CLANG_WARN_EMPTY_BODY = YES;
				CLANG_WARN_ENUM_CONVERSION = YES;
				CLANG_WARN_INFINITE_RECURSION = YES;
				CLANG_WARN_INT_CONVERSION = YES;
				CLANG_WARN_NON_LITERAL_NULL_CONVERSION = YES;
				CLANG_WARN_OBJC_IMPLICIT_RETAIN_SELF = YES;
				CLANG_WARN_OBJC_LITERAL_CONVERSION = YES;
				CLANG_WARN_OBJC_ROOT_CLASS = YES_ERROR;
				CLANG_WARN_QUOTED_INCLUDE_IN_FRAMEWORK_HEADER = YES;
				CLANG_WARN_RANGE_LOOP_ANALYSIS = YES;
				CLANG_WARN_STRICT_PROTOTYPES = YES;
				CLANG_WARN_SUSPICIOUS_MOVE = YES;
				CLANG_WARN_UNGUARDED_AVAILABILITY = YES_AGGRESSIVE;
				CLANG_WARN_UNREACHABLE_CODE = YES;
				CLANG_WARN__DUPLICATE_METHOD_MATCH = YES;
				COPY_PHASE_STRIP = NO;
				DEBUG_INFORMATION_FORMAT = dwarf;
				ENABLE_STRICT_OBJC_MSGSEND = YES;
				ENABLE_TESTABILITY = YES;
				"EXCLUDED_ARCHS[sdk=iphonesimulator*]" = arm64;
				GCC_C_LANGUAGE_STANDARD = gnu11;
				GCC_DYNAMIC_NO_PIC = NO;
				GCC_NO_COMMON_BLOCKS = YES;
				GCC_OPTIMIZATION_LEVEL = 0;
				GCC_PREPROCESSOR_DEFINITIONS = (
					"DEBUG=1",
					"$(inherited)",
				);
				GCC_WARN_64_TO_32_BIT_CONVERSION = YES;
				GCC_WARN_ABOUT_RETURN_TYPE = YES_ERROR;
				GCC_WARN_UNDECLARED_SELECTOR = YES;
				GCC_WARN_UNINITIALIZED_AUTOS = YES_AGGRESSIVE;
				GCC_WARN_UNUSED_FUNCTION = YES;
				GCC_WARN_UNUSED_VARIABLE = YES;
				IPHONEOS_DEPLOYMENT_TARGET = 14.4;
				MTL_ENABLE_DEBUG_INFO = INCLUDE_SOURCE;
				MTL_FAST_MATH = YES;
				ONLY_ACTIVE_ARCH = YES;
				SDKROOT = iphoneos;
				SWIFT_ACTIVE_COMPILATION_CONDITIONS = DEBUG;
				SWIFT_OPTIMIZATION_LEVEL = "-Onone";
			};
			name = Debug;
		};
		CB3223FD26828CAE00394672 /* Release */ = {
			isa = XCBuildConfiguration;
			buildSettings = {
				ALWAYS_SEARCH_USER_PATHS = NO;
				CLANG_ANALYZER_NONNULL = YES;
				CLANG_ANALYZER_NUMBER_OBJECT_CONVERSION = YES_AGGRESSIVE;
				CLANG_CXX_LANGUAGE_STANDARD = "gnu++14";
				CLANG_CXX_LIBRARY = "libc++";
				CLANG_ENABLE_MODULES = YES;
				CLANG_ENABLE_OBJC_ARC = YES;
				CLANG_ENABLE_OBJC_WEAK = YES;
				CLANG_WARN_BLOCK_CAPTURE_AUTORELEASING = YES;
				CLANG_WARN_BOOL_CONVERSION = YES;
				CLANG_WARN_COMMA = YES;
				CLANG_WARN_CONSTANT_CONVERSION = YES;
				CLANG_WARN_DEPRECATED_OBJC_IMPLEMENTATIONS = YES;
				CLANG_WARN_DIRECT_OBJC_ISA_USAGE = YES_ERROR;
				CLANG_WARN_DOCUMENTATION_COMMENTS = YES;
				CLANG_WARN_EMPTY_BODY = YES;
				CLANG_WARN_ENUM_CONVERSION = YES;
				CLANG_WARN_INFINITE_RECURSION = YES;
				CLANG_WARN_INT_CONVERSION = YES;
				CLANG_WARN_NON_LITERAL_NULL_CONVERSION = YES;
				CLANG_WARN_OBJC_IMPLICIT_RETAIN_SELF = YES;
				CLANG_WARN_OBJC_LITERAL_CONVERSION = YES;
				CLANG_WARN_OBJC_ROOT_CLASS = YES_ERROR;
				CLANG_WARN_QUOTED_INCLUDE_IN_FRAMEWORK_HEADER = YES;
				CLANG_WARN_RANGE_LOOP_ANALYSIS = YES;
				CLANG_WARN_STRICT_PROTOTYPES = YES;
				CLANG_WARN_SUSPICIOUS_MOVE = YES;
				CLANG_WARN_UNGUARDED_AVAILABILITY = YES_AGGRESSIVE;
				CLANG_WARN_UNREACHABLE_CODE = YES;
				CLANG_WARN__DUPLICATE_METHOD_MATCH = YES;
				COPY_PHASE_STRIP = NO;
				DEBUG_INFORMATION_FORMAT = "dwarf-with-dsym";
				ENABLE_NS_ASSERTIONS = NO;
				ENABLE_STRICT_OBJC_MSGSEND = YES;
				"EXCLUDED_ARCHS[sdk=iphonesimulator*]" = arm64;
				GCC_C_LANGUAGE_STANDARD = gnu11;
				GCC_NO_COMMON_BLOCKS = YES;
				GCC_WARN_64_TO_32_BIT_CONVERSION = YES;
				GCC_WARN_ABOUT_RETURN_TYPE = YES_ERROR;
				GCC_WARN_UNDECLARED_SELECTOR = YES;
				GCC_WARN_UNINITIALIZED_AUTOS = YES_AGGRESSIVE;
				GCC_WARN_UNUSED_FUNCTION = YES;
				GCC_WARN_UNUSED_VARIABLE = YES;
				IPHONEOS_DEPLOYMENT_TARGET = 14.4;
				MTL_ENABLE_DEBUG_INFO = NO;
				MTL_FAST_MATH = YES;
				SDKROOT = iphoneos;
				SWIFT_COMPILATION_MODE = wholemodule;
				SWIFT_OPTIMIZATION_LEVEL = "-O";
				VALIDATE_PRODUCT = YES;
			};
			name = Release;
		};
		CB3223FF26828CAE00394672 /* Debug */ = {
			isa = XCBuildConfiguration;
			baseConfigurationReference = B91DDF44A35BC98D3D5CA3ED /* Pods-AnimationGenerator.debug.xcconfig */;
			buildSettings = {
				ASSETCATALOG_COMPILER_APPICON_NAME = AppIcon;
				ASSETCATALOG_COMPILER_GLOBAL_ACCENT_COLOR_NAME = AccentColor;
				CODE_SIGN_STYLE = Automatic;
				INFOPLIST_FILE = AnimationGenerator/Info.plist;
				IPHONEOS_DEPLOYMENT_TARGET = 13.6;
				LD_RUNPATH_SEARCH_PATHS = (
					"$(inherited)",
					"@executable_path/Frameworks",
				);
				PRODUCT_BUNDLE_IDENTIFIER = ru.swiftbook.AnimationGenerator;
				PRODUCT_NAME = "$(TARGET_NAME)";
				SWIFT_VERSION = 5.0;
				TARGETED_DEVICE_FAMILY = "1,2";
			};
			name = Debug;
		};
		CB32240026828CAE00394672 /* Release */ = {
			isa = XCBuildConfiguration;
			baseConfigurationReference = 5A455981020B46EE86372030 /* Pods-AnimationGenerator.release.xcconfig */;
			buildSettings = {
				ASSETCATALOG_COMPILER_APPICON_NAME = AppIcon;
				ASSETCATALOG_COMPILER_GLOBAL_ACCENT_COLOR_NAME = AccentColor;
				CODE_SIGN_STYLE = Automatic;
				INFOPLIST_FILE = AnimationGenerator/Info.plist;
				IPHONEOS_DEPLOYMENT_TARGET = 13.6;
				LD_RUNPATH_SEARCH_PATHS = (
					"$(inherited)",
					"@executable_path/Frameworks",
				);
				PRODUCT_BUNDLE_IDENTIFIER = ru.swiftbook.AnimationGenerator;
				PRODUCT_NAME = "$(TARGET_NAME)";
				SWIFT_VERSION = 5.0;
				TARGETED_DEVICE_FAMILY = "1,2";
			};
			name = Release;
		};
/* End XCBuildConfiguration section */

/* Begin XCConfigurationList section */
		CB3223E226828CAC00394672 /* Build configuration list for PBXProject "AnimationGenerator" */ = {
			isa = XCConfigurationList;
			buildConfigurations = (
				CB3223FC26828CAE00394672 /* Debug */,
				CB3223FD26828CAE00394672 /* Release */,
			);
			defaultConfigurationIsVisible = 0;
			defaultConfigurationName = Release;
		};
		CB3223FE26828CAE00394672 /* Build configuration list for PBXNativeTarget "AnimationGenerator" */ = {
			isa = XCConfigurationList;
			buildConfigurations = (
				CB3223FF26828CAE00394672 /* Debug */,
				CB32240026828CAE00394672 /* Release */,
			);
			defaultConfigurationIsVisible = 0;
			defaultConfigurationName = Release;
		};
/* End XCConfigurationList section */

/* Begin XCVersionGroup section */
		CB3223F326828CAD00394672 /* AnimationGenerator.xcdatamodeld */ = {
			isa = XCVersionGroup;
			children = (
				CB3223F426828CAD00394672 /* AnimationGenerator.xcdatamodel */,
			);
			currentVersion = CB3223F426828CAD00394672 /* AnimationGenerator.xcdatamodel */;
			path = AnimationGenerator.xcdatamodeld;
			sourceTree = "<group>";
			versionGroupType = wrapper.xcdatamodel;
		};
/* End XCVersionGroup section */
	};
	rootObject = CB3223DF26828CAC00394672 /* Project object */;
}
